// !$*UTF8*$!
{
	archiveVersion = 1;
	classes = {
	};
	objectVersion = 46;
	objects = {

/* Begin PBXBuildFile section */
		A10E54321F2F1C0900622199 /* main.m in Sources */ = {isa = PBXBuildFile; fileRef = A10E54311F2F1C0900622199 /* main.m */; };
		A10E54351F2F1C0900622199 /* AppDelegate.m in Sources */ = {isa = PBXBuildFile; fileRef = A10E54341F2F1C0900622199 /* AppDelegate.m */; };
		A10E543B1F2F1C0900622199 /* Main.storyboard in Resources */ = {isa = PBXBuildFile; fileRef = A10E54391F2F1C0900622199 /* Main.storyboard */; };
		A10E543D1F2F1C0900622199 /* Assets.xcassets in Resources */ = {isa = PBXBuildFile; fileRef = A10E543C1F2F1C0900622199 /* Assets.xcassets */; };
		A10E54401F2F1C0900622199 /* LaunchScreen.storyboard in Resources */ = {isa = PBXBuildFile; fileRef = A10E543E1F2F1C0900622199 /* LaunchScreen.storyboard */; };
		A10E544B1F2F1C0900622199 /* OpenLightGameTests.m in Sources */ = {isa = PBXBuildFile; fileRef = A10E544A1F2F1C0900622199 /* OpenLightGameTests.m */; };
		A10E54561F2F1C0900622199 /* OpenLightGameUITests.m in Sources */ = {isa = PBXBuildFile; fileRef = A10E54551F2F1C0900622199 /* OpenLightGameUITests.m */; };
		A10E54651F2F1CCD00622199 /* GameViewController.m in Sources */ = {isa = PBXBuildFile; fileRef = A10E54641F2F1CCD00622199 /* GameViewController.m */; };
		A10E54681F2F1E1E00622199 /* LightCollectionViewCell.m in Sources */ = {isa = PBXBuildFile; fileRef = A10E54671F2F1E1E00622199 /* LightCollectionViewCell.m */; };
		A10E546B1F2F230600622199 /* LightModel.m in Sources */ = {isa = PBXBuildFile; fileRef = A10E546A1F2F230600622199 /* LightModel.m */; };
		A10E546E1F2F248100622199 /* 001.png in Resources */ = {isa = PBXBuildFile; fileRef = A10E546C1F2F248100622199 /* 001.png */; };
		A10E546F1F2F248100622199 /* 002.png in Resources */ = {isa = PBXBuildFile; fileRef = A10E546D1F2F248100622199 /* 002.png */; };
/* End PBXBuildFile section */

/* Begin PBXContainerItemProxy section */
		A10E54471F2F1C0900622199 /* PBXContainerItemProxy */ = {
			isa = PBXContainerItemProxy;
			containerPortal = A10E54251F2F1C0900622199 /* Project object */;
			proxyType = 1;
			remoteGlobalIDString = A10E542C1F2F1C0900622199;
			remoteInfo = OpenLightGame;
		};
		A10E54521F2F1C0900622199 /* PBXContainerItemProxy */ = {
			isa = PBXContainerItemProxy;
			containerPortal = A10E54251F2F1C0900622199 /* Project object */;
			proxyType = 1;
			remoteGlobalIDString = A10E542C1F2F1C0900622199;
			remoteInfo = OpenLightGame;
		};
/* End PBXContainerItemProxy section */

/* Begin PBXFileReference section */
		A10E542D1F2F1C0900622199 /* OpenLightGame.app */ = {isa = PBXFileReference; explicitFileType = wrapper.application; includeInIndex = 0; path = OpenLightGame.app; sourceTree = BUILT_PRODUCTS_DIR; };
		A10E54311F2F1C0900622199 /* main.m */ = {isa = PBXFileReference; lastKnownFileType = sourcecode.c.objc; path = main.m; sourceTree = "<group>"; };
		A10E54331F2F1C0900622199 /* AppDelegate.h */ = {isa = PBXFileReference; lastKnownFileType = sourcecode.c.h; path = AppDelegate.h; sourceTree = "<group>"; };
		A10E54341F2F1C0900622199 /* AppDelegate.m */ = {isa = PBXFileReference; lastKnownFileType = sourcecode.c.objc; path = AppDelegate.m; sourceTree = "<group>"; };
		A10E543A1F2F1C0900622199 /* Base */ = {isa = PBXFileReference; lastKnownFileType = file.storyboard; name = Base; path = Base.lproj/Main.storyboard; sourceTree = "<group>"; };
		A10E543C1F2F1C0900622199 /* Assets.xcassets */ = {isa = PBXFileReference; lastKnownFileType = folder.assetcatalog; path = Assets.xcassets; sourceTree = "<group>"; };
		A10E543F1F2F1C0900622199 /* Base */ = {isa = PBXFileReference; lastKnownFileType = file.storyboard; name = Base; path = Base.lproj/LaunchScreen.storyboard; sourceTree = "<group>"; };
		A10E54411F2F1C0900622199 /* Info.plist */ = {isa = PBXFileReference; lastKnownFileType = text.plist.xml; path = Info.plist; sourceTree = "<group>"; };
		A10E54461F2F1C0900622199 /* OpenLightGameTests.xctest */ = {isa = PBXFileReference; explicitFileType = wrapper.cfbundle; includeInIndex = 0; path = OpenLightGameTests.xctest; sourceTree = BUILT_PRODUCTS_DIR; };
		A10E544A1F2F1C0900622199 /* OpenLightGameTests.m */ = {isa = PBXFileReference; lastKnownFileType = sourcecode.c.objc; path = OpenLightGameTests.m; sourceTree = "<group>"; };
		A10E544C1F2F1C0900622199 /* Info.plist */ = {isa = PBXFileReference; lastKnownFileType = text.plist.xml; path = Info.plist; sourceTree = "<group>"; };
		A10E54511F2F1C0900622199 /* OpenLightGameUITests.xctest */ = {isa = PBXFileReference; explicitFileType = wrapper.cfbundle; includeInIndex = 0; path = OpenLightGameUITests.xctest; sourceTree = BUILT_PRODUCTS_DIR; };
		A10E54551F2F1C0900622199 /* OpenLightGameUITests.m */ = {isa = PBXFileReference; lastKnownFileType = sourcecode.c.objc; path = OpenLightGameUITests.m; sourceTree = "<group>"; };
		A10E54571F2F1C0900622199 /* Info.plist */ = {isa = PBXFileReference; lastKnownFileType = text.plist.xml; path = Info.plist; sourceTree = "<group>"; };
		A10E54631F2F1CCD00622199 /* GameViewController.h */ = {isa = PBXFileReference; fileEncoding = 4; lastKnownFileType = sourcecode.c.h; path = GameViewController.h; sourceTree = "<group>"; };
		A10E54641F2F1CCD00622199 /* GameViewController.m */ = {isa = PBXFileReference; fileEncoding = 4; lastKnownFileType = sourcecode.c.objc; path = GameViewController.m; sourceTree = "<group>"; };
		A10E54661F2F1E1E00622199 /* LightCollectionViewCell.h */ = {isa = PBXFileReference; fileEncoding = 4; lastKnownFileType = sourcecode.c.h; path = LightCollectionViewCell.h; sourceTree = "<group>"; };
		A10E54671F2F1E1E00622199 /* LightCollectionViewCell.m */ = {isa = PBXFileReference; fileEncoding = 4; lastKnownFileType = sourcecode.c.objc; path = LightCollectionViewCell.m; sourceTree = "<group>"; };
		A10E54691F2F230600622199 /* LightModel.h */ = {isa = PBXFileReference; fileEncoding = 4; lastKnownFileType = sourcecode.c.h; path = LightModel.h; sourceTree = "<group>"; };
		A10E546A1F2F230600622199 /* LightModel.m */ = {isa = PBXFileReference; fileEncoding = 4; lastKnownFileType = sourcecode.c.objc; path = LightModel.m; sourceTree = "<group>"; };
		A10E546C1F2F248100622199 /* 001.png */ = {isa = PBXFileReference; lastKnownFileType = image.png; path = 001.png; sourceTree = "<group>"; };
		A10E546D1F2F248100622199 /* 002.png */ = {isa = PBXFileReference; lastKnownFileType = image.png; path = 002.png; sourceTree = "<group>"; };
/* End PBXFileReference section */

/* Begin PBXFrameworksBuildPhase section */
		A10E542A1F2F1C0900622199 /* Frameworks */ = {
			isa = PBXFrameworksBuildPhase;
			buildActionMask = 2147483647;
			files = (
			);
			runOnlyForDeploymentPostprocessing = 0;
		};
		A10E54431F2F1C0900622199 /* Frameworks */ = {
			isa = PBXFrameworksBuildPhase;
			buildActionMask = 2147483647;
			files = (
			);
			runOnlyForDeploymentPostprocessing = 0;
		};
		A10E544E1F2F1C0900622199 /* Frameworks */ = {
			isa = PBXFrameworksBuildPhase;
			buildActionMask = 2147483647;
			files = (
			);
			runOnlyForDeploymentPostprocessing = 0;
		};
/* End PBXFrameworksBuildPhase section */

/* Begin PBXGroup section */
		A10E54241F2F1C0900622199 = {
			isa = PBXGroup;
			children = (
				A10E542F1F2F1C0900622199 /* OpenLightGame */,
				A10E54491F2F1C0900622199 /* OpenLightGameTests */,
				A10E54541F2F1C0900622199 /* OpenLightGameUITests */,
				A10E542E1F2F1C0900622199 /* Products */,
			);
			sourceTree = "<group>";
		};
		A10E542E1F2F1C0900622199 /* Products */ = {
			isa = PBXGroup;
			children = (
				A10E542D1F2F1C0900622199 /* OpenLightGame.app */,
				A10E54461F2F1C0900622199 /* OpenLightGameTests.xctest */,
				A10E54511F2F1C0900622199 /* OpenLightGameUITests.xctest */,
			);
			name = Products;
			sourceTree = "<group>";
		};
		A10E542F1F2F1C0900622199 /* OpenLightGame */ = {
			isa = PBXGroup;
			children = (
				A10E54331F2F1C0900622199 /* AppDelegate.h */,
				A10E54341F2F1C0900622199 /* AppDelegate.m */,
				A10E54631F2F1CCD00622199 /* GameViewController.h */,
				A10E54641F2F1CCD00622199 /* GameViewController.m */,
				A10E54661F2F1E1E00622199 /* LightCollectionViewCell.h */,
				A10E54671F2F1E1E00622199 /* LightCollectionViewCell.m */,
				A10E54691F2F230600622199 /* LightModel.h */,
				A10E546A1F2F230600622199 /* LightModel.m */,
				A10E546C1F2F248100622199 /* 001.png */,
				A10E546D1F2F248100622199 /* 002.png */,
				A10E54391F2F1C0900622199 /* Main.storyboard */,
				A10E543C1F2F1C0900622199 /* Assets.xcassets */,
				A10E543E1F2F1C0900622199 /* LaunchScreen.storyboard */,
				A10E54411F2F1C0900622199 /* Info.plist */,
				A10E54301F2F1C0900622199 /* Supporting Files */,
			);
			path = OpenLightGame;
			sourceTree = "<group>";
		};
		A10E54301F2F1C0900622199 /* Supporting Files */ = {
			isa = PBXGroup;
			children = (
				A10E54311F2F1C0900622199 /* main.m */,
			);
			name = "Supporting Files";
			sourceTree = "<group>";
		};
		A10E54491F2F1C0900622199 /* OpenLightGameTests */ = {
			isa = PBXGroup;
			children = (
				A10E544A1F2F1C0900622199 /* OpenLightGameTests.m */,
				A10E544C1F2F1C0900622199 /* Info.plist */,
			);
			path = OpenLightGameTests;
			sourceTree = "<group>";
		};
		A10E54541F2F1C0900622199 /* OpenLightGameUITests */ = {
			isa = PBXGroup;
			children = (
				A10E54551F2F1C0900622199 /* OpenLightGameUITests.m */,
				A10E54571F2F1C0900622199 /* Info.plist */,
			);
			path = OpenLightGameUITests;
			sourceTree = "<group>";
		};
/* End PBXGroup section */

/* Begin PBXNativeTarget section */
		A10E542C1F2F1C0900622199 /* OpenLightGame */ = {
			isa = PBXNativeTarget;
			buildConfigurationList = A10E545A1F2F1C0900622199 /* Build configuration list for PBXNativeTarget "OpenLightGame" */;
			buildPhases = (
				A10E54291F2F1C0900622199 /* Sources */,
				A10E542A1F2F1C0900622199 /* Frameworks */,
				A10E542B1F2F1C0900622199 /* Resources */,
			);
			buildRules = (
			);
			dependencies = (
			);
			name = OpenLightGame;
			productName = OpenLightGame;
			productReference = A10E542D1F2F1C0900622199 /* OpenLightGame.app */;
			productType = "com.apple.product-type.application";
		};
		A10E54451F2F1C0900622199 /* OpenLightGameTests */ = {
			isa = PBXNativeTarget;
			buildConfigurationList = A10E545D1F2F1C0900622199 /* Build configuration list for PBXNativeTarget "OpenLightGameTests" */;
			buildPhases = (
				A10E54421F2F1C0900622199 /* Sources */,
				A10E54431F2F1C0900622199 /* Frameworks */,
				A10E54441F2F1C0900622199 /* Resources */,
			);
			buildRules = (
			);
			dependencies = (
				A10E54481F2F1C0900622199 /* PBXTargetDependency */,
			);
			name = OpenLightGameTests;
			productName = OpenLightGameTests;
			productReference = A10E54461F2F1C0900622199 /* OpenLightGameTests.xctest */;
			productType = "com.apple.product-type.bundle.unit-test";
		};
		A10E54501F2F1C0900622199 /* OpenLightGameUITests */ = {
			isa = PBXNativeTarget;
			buildConfigurationList = A10E54601F2F1C0900622199 /* Build configuration list for PBXNativeTarget "OpenLightGameUITests" */;
			buildPhases = (
				A10E544D1F2F1C0900622199 /* Sources */,
				A10E544E1F2F1C0900622199 /* Frameworks */,
				A10E544F1F2F1C0900622199 /* Resources */,
			);
			buildRules = (
			);
			dependencies = (
				A10E54531F2F1C0900622199 /* PBXTargetDependency */,
			);
			name = OpenLightGameUITests;
			productName = OpenLightGameUITests;
			productReference = A10E54511F2F1C0900622199 /* OpenLightGameUITests.xctest */;
			productType = "com.apple.product-type.bundle.ui-testing";
		};
/* End PBXNativeTarget section */

/* Begin PBXProject section */
		A10E54251F2F1C0900622199 /* Project object */ = {
			isa = PBXProject;
			attributes = {
				LastUpgradeCheck = 0810;
				ORGANIZATIONNAME = "小旭";
				TargetAttributes = {
					A10E542C1F2F1C0900622199 = {
						CreatedOnToolsVersion = 8.1;
						DevelopmentTeam = 2M325AQNM7;
						ProvisioningStyle = Automatic;
					};
					A10E54451F2F1C0900622199 = {
						CreatedOnToolsVersion = 8.1;
						ProvisioningStyle = Automatic;
						TestTargetID = A10E542C1F2F1C0900622199;
					};
					A10E54501F2F1C0900622199 = {
						CreatedOnToolsVersion = 8.1;
						ProvisioningStyle = Automatic;
						TestTargetID = A10E542C1F2F1C0900622199;
					};
				};
			};
			buildConfigurationList = A10E54281F2F1C0900622199 /* Build configuration list for PBXProject "OpenLightGame" */;
			compatibilityVersion = "Xcode 3.2";
			developmentRegion = English;
			hasScannedForEncodings = 0;
			knownRegions = (
				en,
				Base,
			);
			mainGroup = A10E54241F2F1C0900622199;
			productRefGroup = A10E542E1F2F1C0900622199 /* Products */;
			projectDirPath = "";
			projectRoot = "";
			targets = (
				A10E542C1F2F1C0900622199 /* OpenLightGame */,
				A10E54451F2F1C0900622199 /* OpenLightGameTests */,
				A10E54501F2F1C0900622199 /* OpenLightGameUITests */,
			);
		};
/* End PBXProject section */

/* Begin PBXResourcesBuildPhase section */
		A10E542B1F2F1C0900622199 /* Resources */ = {
			isa = PBXResourcesBuildPhase;
			buildActionMask = 2147483647;
			files = (
				A10E54401F2F1C0900622199 /* LaunchScreen.storyboard in Resources */,
				A10E543D1F2F1C0900622199 /* Assets.xcassets in Resources */,
				A10E543B1F2F1C0900622199 /* Main.storyboard in Resources */,
				A10E546F1F2F248100622199 /* 002.png in Resources */,
				A10E546E1F2F248100622199 /* 001.png in Resources */,
			);
			runOnlyForDeploymentPostprocessing = 0;
		};
		A10E54441F2F1C0900622199 /* Resources */ = {
			isa = PBXResourcesBuildPhase;
			buildActionMask = 2147483647;
			files = (
			);
			runOnlyForDeploymentPostprocessing = 0;
		};
		A10E544F1F2F1C0900622199 /* Resources */ = {
			isa = PBXResourcesBuildPhase;
			buildActionMask = 2147483647;
			files = (
			);
			runOnlyForDeploymentPostprocessing = 0;
		};
/* End PBXResourcesBuildPhase section */

/* Begin PBXSourcesBuildPhase section */
		A10E54291F2F1C0900622199 /* Sources */ = {
			isa = PBXSourcesBuildPhase;
			buildActionMask = 2147483647;
			files = (
				A10E546B1F2F230600622199 /* LightModel.m in Sources */,
				A10E54351F2F1C0900622199 /* AppDelegate.m in Sources */,
				A10E54651F2F1CCD00622199 /* GameViewController.m in Sources */,
				A10E54321F2F1C0900622199 /* main.m in Sources */,
				A10E54681F2F1E1E00622199 /* LightCollectionViewCell.m in Sources */,
			);
			runOnlyForDeploymentPostprocessing = 0;
		};
		A10E54421F2F1C0900622199 /* Sources */ = {
			isa = PBXSourcesBuildPhase;
			buildActionMask = 2147483647;
			files = (
				A10E544B1F2F1C0900622199 /* OpenLightGameTests.m in Sources */,
			);
			runOnlyForDeploymentPostprocessing = 0;
		};
		A10E544D1F2F1C0900622199 /* Sources */ = {
			isa = PBXSourcesBuildPhase;
			buildActionMask = 2147483647;
			files = (
				A10E54561F2F1C0900622199 /* OpenLightGameUITests.m in Sources */,
			);
			runOnlyForDeploymentPostprocessing = 0;
		};
/* End PBXSourcesBuildPhase section */

/* Begin PBXTargetDependency section */
		A10E54481F2F1C0900622199 /* PBXTargetDependency */ = {
			isa = PBXTargetDependency;
			target = A10E542C1F2F1C0900622199 /* OpenLightGame */;
			targetProxy = A10E54471F2F1C0900622199 /* PBXContainerItemProxy */;
		};
		A10E54531F2F1C0900622199 /* PBXTargetDependency */ = {
			isa = PBXTargetDependency;
			target = A10E542C1F2F1C0900622199 /* OpenLightGame */;
			targetProxy = A10E54521F2F1C0900622199 /* PBXContainerItemProxy */;
		};
/* End PBXTargetDependency section */

/* Begin PBXVariantGroup section */
		A10E54391F2F1C0900622199 /* Main.storyboard */ = {
			isa = PBXVariantGroup;
			children = (
				A10E543A1F2F1C0900622199 /* Base */,
			);
			name = Main.storyboard;
			sourceTree = "<group>";
		};
		A10E543E1F2F1C0900622199 /* LaunchScreen.storyboard */ = {
			isa = PBXVariantGroup;
			children = (
				A10E543F1F2F1C0900622199 /* Base */,
			);
			name = LaunchScreen.storyboard;
			sourceTree = "<group>";
		};
/* End PBXVariantGroup section */

/* Begin XCBuildConfiguration section */
		A10E54581F2F1C0900622199 /* Debug */ = {
			isa = XCBuildConfiguration;
			buildSettings = {
				ALWAYS_SEARCH_USER_PATHS = NO;
				CLANG_ANALYZER_NONNULL = YES;
				CLANG_CXX_LANGUAGE_STANDARD = "gnu++0x";
				CLANG_CXX_LIBRARY = "libc++";
				CLANG_ENABLE_MODULES = YES;
				CLANG_ENABLE_OBJC_ARC = YES;
				CLANG_WARN_BOOL_CONVERSION = YES;
				CLANG_WARN_CONSTANT_CONVERSION = YES;
				CLANG_WARN_DIRECT_OBJC_ISA_USAGE = YES_ERROR;
				CLANG_WARN_DOCUMENTATION_COMMENTS = YES;
				CLANG_WARN_EMPTY_BODY = YES;
				CLANG_WARN_ENUM_CONVERSION = YES;
				CLANG_WARN_INFINITE_RECURSION = YES;
				CLANG_WARN_INT_CONVERSION = YES;
				CLANG_WARN_OBJC_ROOT_CLASS = YES_ERROR;
				CLANG_WARN_SUSPICIOUS_MOVES = YES;
				CLANG_WARN_UNREACHABLE_CODE = YES;
				CLANG_WARN__DUPLICATE_METHOD_MATCH = YES;
				"CODE_SIGN_IDENTITY[sdk=iphoneos*]" = "iPhone Developer";
				COPY_PHASE_STRIP = NO;
				DEBUG_INFORMATION_FORMAT = dwarf;
				ENABLE_STRICT_OBJC_MSGSEND = YES;
				ENABLE_TESTABILITY = YES;
				GCC_C_LANGUAGE_STANDARD = gnu99;
				GCC_DYNAMIC_NO_PIC = NO;
				GCC_NO_COMMON_BLOCKS = YES;
				GCC_OPTIMIZATION_LEVEL = 0;
				GCC_PREPROCESSOR_DEFINITIONS = (
					"DEBUG=1",
					"$(inherited)",
				);
				GCC_WARN_64_TO_32_BIT_CONVERSION = YES;
				GCC_WARN_ABOUT_RETURN_TYPE = YES_ERROR;
				GCC_WARN_UNDECLARED_SELECTOR = YES;
				GCC_WARN_UNINITIALIZED_AUTOS = YES_AGGRESSIVE;
				GCC_WARN_UNUSED_FUNCTION = YES;
				GCC_WARN_UNUSED_VARIABLE = YES;
				IPHONEOS_DEPLOYMENT_TARGET = 10.1;
				MTL_ENABLE_DEBUG_INFO = YES;
				ONLY_ACTIVE_ARCH = YES;
				SDKROOT = iphoneos;
				TARGETED_DEVICE_FAMILY = "1,2";
			};
			name = Debug;
		};
		A10E54591F2F1C0900622199 /* Release */ = {
			isa = XCBuildConfiguration;
			buildSettings = {
				ALWAYS_SEARCH_USER_PATHS = NO;
				CLANG_ANALYZER_NONNULL = YES;
				CLANG_CXX_LANGUAGE_STANDARD = "gnu++0x";
				CLANG_CXX_LIBRARY = "libc++";
				CLANG_ENABLE_MODULES = YES;
				CLANG_ENABLE_OBJC_ARC = YES;
				CLANG_WARN_BOOL_CONVERSION = YES;
				CLANG_WARN_CONSTANT_CONVERSION = YES;
				CLANG_WARN_DIRECT_OBJC_ISA_USAGE = YES_ERROR;
				CLANG_WARN_DOCUMENTATION_COMMENTS = YES;
				CLANG_WARN_EMPTY_BODY = YES;
				CLANG_WARN_ENUM_CONVERSION = YES;
				CLANG_WARN_INFINITE_RECURSION = YES;
				CLANG_WARN_INT_CONVERSION = YES;
				CLANG_WARN_OBJC_ROOT_CLASS = YES_ERROR;
				CLANG_WARN_SUSPICIOUS_MOVES = YES;
				CLANG_WARN_UNREACHABLE_CODE = YES;
				CLANG_WARN__DUPLICATE_METHOD_MATCH = YES;
				"CODE_SIGN_IDENTITY[sdk=iphoneos*]" = "iPhone Developer";
				COPY_PHASE_STRIP = NO;
				DEBUG_INFORMATION_FORMAT = "dwarf-with-dsym";
				ENABLE_NS_ASSERTIONS = NO;
				ENABLE_STRICT_OBJC_MSGSEND = YES;
				GCC_C_LANGUAGE_STANDARD = gnu99;
				GCC_NO_COMMON_BLOCKS = YES;
				GCC_WARN_64_TO_32_BIT_CONVERSION = YES;
				GCC_WARN_ABOUT_RETURN_TYPE = YES_ERROR;
				GCC_WARN_UNDECLARED_SELECTOR = YES;
				GCC_WARN_UNINITIALIZED_AUTOS = YES_AGGRESSIVE;
				GCC_WARN_UNUSED_FUNCTION = YES;
				GCC_WARN_UNUSED_VARIABLE = YES;
				IPHONEOS_DEPLOYMENT_TARGET = 10.1;
				MTL_ENABLE_DEBUG_INFO = NO;
				SDKROOT = iphoneos;
				TARGETED_DEVICE_FAMILY = "1,2";
				VALIDATE_PRODUCT = YES;
			};
			name = Release;
		};
		A10E545B1F2F1C0900622199 /* Debug */ = {
			isa = XCBuildConfiguration;
			buildSettings = {
				ASSETCATALOG_COMPILER_APPICON_NAME = AppIcon;
				CODE_SIGN_IDENTITY = "iPhone Developer";
				DEVELOPMENT_TEAM = 2M325AQNM7;
				INFOPLIST_FILE = OpenLightGame/Info.plist;
				IPHONEOS_DEPLOYMENT_TARGET = 8.4;
				LD_RUNPATH_SEARCH_PATHS = "$(inherited) @executable_path/Frameworks";
				PRODUCT_BUNDLE_IDENTIFIER = com.Demo.www.OpenLightGame;
				PRODUCT_NAME = "$(TARGET_NAME)";
			};
			name = Debug;
		};
		A10E545C1F2F1C0900622199 /* Release */ = {
			isa = XCBuildConfiguration;
			buildSettings = {
				ASSETCATALOG_COMPILER_APPICON_NAME = AppIcon;
				CODE_SIGN_IDENTITY = "iPhone Developer";
				DEVELOPMENT_TEAM = 2M325AQNM7;
				INFOPLIST_FILE = OpenLightGame/Info.plist;
				IPHONEOS_DEPLOYMENT_TARGET = 8.4;
				LD_RUNPATH_SEARCH_PATHS = "$(inherited) @executable_path/Frameworks";
				PRODUCT_BUNDLE_IDENTIFIER = com.Demo.www.OpenLightGame;
				PRODUCT_NAME = "$(TARGET_NAME)";
			};
			name = Release;
		};
		A10E545E1F2F1C0900622199 /* Debug */ = {
			isa = XCBuildConfiguration;
			buildSettings = {
				BUNDLE_LOADER = "$(TEST_HOST)";
				INFOPLIST_FILE = OpenLightGameTests/Info.plist;
				LD_RUNPATH_SEARCH_PATHS = "$(inherited) @executable_path/Frameworks @loader_path/Frameworks";
				PRODUCT_BUNDLE_IDENTIFIER = com.Demo.www.OpenLightGameTests;
				PRODUCT_NAME = "$(TARGET_NAME)";
				TEST_HOST = "$(BUILT_PRODUCTS_DIR)/OpenLightGame.app/OpenLightGame";
			};
			name = Debug;
		};
		A10E545F1F2F1C0900622199 /* Release */ = {
			isa = XCBuildConfiguration;
			buildSettings = {
				BUNDLE_LOADER = "$(TEST_HOST)";
				INFOPLIST_FILE = OpenLightGameTests/Info.plist;
				LD_RUNPATH_SEARCH_PATHS = "$(inherited) @executable_path/Frameworks @loader_path/Frameworks";
				PRODUCT_BUNDLE_IDENTIFIER = com.Demo.www.OpenLightGameTests;
				PRODUCT_NAME = "$(TARGET_NAME)";
				TEST_HOST = "$(BUILT_PRODUCTS_DIR)/OpenLightGame.app/OpenLightGame";
			};
			name = Release;
		};
		A10E54611F2F1C0900622199 /* Debug */ = {
			isa = XCBuildConfiguration;
			buildSettings = {
				INFOPLIST_FILE = OpenLightGameUITests/Info.plist;
				LD_RUNPATH_SEARCH_PATHS = "$(inherited) @executable_path/Frameworks @loader_path/Frameworks";
				PRODUCT_BUNDLE_IDENTIFIER = com.Demo.www.OpenLightGameUITests;
				PRODUCT_NAME = "$(TARGET_NAME)";
				TEST_TARGET_NAME = OpenLightGame;
			};
			name = Debug;
		};
		A10E54621F2F1C0900622199 /* Release */ = {
			isa = XCBuildConfiguration;
			buildSettings = {
				INFOPLIST_FILE = OpenLightGameUITests/Info.plist;
				LD_RUNPATH_SEARCH_PATHS = "$(inherited) @executable_path/Frameworks @loader_path/Frameworks";
				PRODUCT_BUNDLE_IDENTIFIER = com.Demo.www.OpenLightGameUITests;
				PRODUCT_NAME = "$(TARGET_NAME)";
				TEST_TARGET_NAME = OpenLightGame;
			};
			name = Release;
		};
/* End XCBuildConfiguration section */

/* Begin XCConfigurationList section */
		A10E54281F2F1C0900622199 /* Build configuration list for PBXProject "OpenLightGame" */ = {
			isa = XCConfigurationList;
			buildConfigurations = (
				A10E54581F2F1C0900622199 /* Debug */,
				A10E54591F2F1C0900622199 /* Release */,
			);
			defaultConfigurationIsVisible = 0;
			defaultConfigurationName = Release;
		};
		A10E545A1F2F1C0900622199 /* Build configuration list for PBXNativeTarget "OpenLightGame" */ = {
			isa = XCConfigurationList;
			buildConfigurations = (
				A10E545B1F2F1C0900622199 /* Debug */,
				A10E545C1F2F1C0900622199 /* Release */,
			);
			defaultConfigurationIsVisible = 0;
			defaultConfigurationName = Release;
		};
		A10E545D1F2F1C0900622199 /* Build configuration list for PBXNativeTarget "OpenLightGameTests" */ = {
			isa = XCConfigurationList;
			buildConfigurations = (
				A10E545E1F2F1C0900622199 /* Debug */,
				A10E545F1F2F1C0900622199 /* Release */,
			);
			defaultConfigurationIsVisible = 0;
			defaultConfigurationName = Release;
		};
		A10E54601F2F1C0900622199 /* Build configuration list for PBXNativeTarget "OpenLightGameUITests" */ = {
			isa = XCConfigurationList;
			buildConfigurations = (
				A10E54611F2F1C0900622199 /* Debug */,
				A10E54621F2F1C0900622199 /* Release */,
			);
			defaultConfigurationIsVisible = 0;
			defaultConfigurationName = Release;
		};
/* End XCConfigurationList section */
	};
	rootObject = A10E54251F2F1C0900622199 /* Project object */;
}
